
Microsoft Visual Studio Solution File, Format Version 12.00
# Visual Studio Version 17
VisualStudioVersion = 17.6.33815.320
MinimumVisualStudioVersion = 10.0.40219.1
Project("{FAE04EC0-301F-11D3-BF4B-00C04F79EFBC}") = "NombresRomains", "NombresRomains\NombresRomains.csproj", "{EDAF4E4E-884D-4DF3-904F-B21B0FD85C9B}"
EndProject
Project("{FAE04EC0-301F-11D3-BF4B-00C04F79EFBC}") = "NombresRomains.Test", "NombresRomains.Test\NombresRomains.Test.csproj", "{A6652C71-9D61-43EB-B4D7-FE89B9C9F634}"
EndProject
Global
	GlobalSection(SolutionConfigurationPlatforms) = preSolution
		Debug|Any CPU = Debug|Any CPU
		Release|Any CPU = Release|Any CPU
	EndGlobalSection
	GlobalSection(ProjectConfigurationPlatforms) = postSolution
		{EDAF4E4E-884D-4DF3-904F-B21B0FD85C9B}.Debug|Any CPU.ActiveCfg = Debug|Any CPU
		{EDAF4E4E-884D-4DF3-904F-B21B0FD85C9B}.Debug|Any CPU.Build.0 = Debug|Any CPU
		{EDAF4E4E-884D-4DF3-904F-B21B0FD85C9B}.Release|Any CPU.ActiveCfg = Release|Any CPU
		{EDAF4E4E-884D-4DF3-904F-B21B0FD85C9B}.Release|Any CPU.Build.0 = Release|Any CPU
		{A6652C71-9D61-43EB-B4D7-FE89B9C9F634}.Debug|Any CPU.ActiveCfg = Debug|Any CPU
		{A6652C71-9D61-43EB-B4D7-FE89B9C9F634}.Debug|Any CPU.Build.0 = Debug|Any CPU
		{A6652C71-9D61-43EB-B4D7-FE89B9C9F634}.Release|Any CPU.ActiveCfg = Release|Any CPU
		{A6652C71-9D61-43EB-B4D7-FE89B9C9F634}.Release|Any CPU.Build.0 = Release|Any CPU
	EndGlobalSection
	GlobalSection(SolutionProperties) = preSolution
		HideSolutionNode = FALSE
	EndGlobalSection
	GlobalSection(ExtensibilityGlobals) = postSolution
		SolutionGuid = {86B1C8FD-8719-4679-BD31-4B4C61E0CADA}
	EndGlobalSection
EndGlobal
